<?xml version="1.0" encoding="utf-8"?>
<Project ToolsVersion="4.0" xmlns="http://schemas.microsoft.com/developer/msbuild/2003">
  <ItemGroup>
    <Filter Include="Source Files">
      <UniqueIdentifier>{4FC737F1-C7A5-4376-A066-2A32D752A2FF}</UniqueIdentifier>
      <Extensions>cpp;c;cc;cxx;def;odl;idl;hpj;bat;asm;asmx</Extensions>
    </Filter>
    <Filter Include="Header Files">
      <UniqueIdentifier>{93995380-89BD-4b04-88EB-625FBE52EBFB}</UniqueIdentifier>
      <Extensions>h;hh;hpp;hxx;hm;inl;inc;xsd</Extensions>
    </Filter>
    <Filter Include="Resource Files">
      <UniqueIdentifier>{67DA6AB6-F800-4c08-8B7A-83BB121AAD01}</UniqueIdentifier>
      <Extensions>rc;ico;cur;bmp;dlg;rc2;rct;bin;rgs;gif;jpg;jpeg;jpe;resx;tiff;tif;png;wav;mfcribbon-ms</Extensions>
    </Filter>
    <Filter Include="Window">
      <UniqueIdentifier>{ab7fba10-28d8-452d-bced-d997e5c4e963}</UniqueIdentifier>
    </Filter>
    <Filter Include="GameApp">
      <UniqueIdentifier>{861917e6-2e12-438a-8b26-b84d6e847497}</UniqueIdentifier>
    </Filter>
    <Filter Include="DirectX">
      <UniqueIdentifier>{9b36fa31-df09-47d1-ba16-192c932c90bc}</UniqueIdentifier>
    </Filter>
    <Filter Include="ResourceManager">
      <UniqueIdentifier>{1c52d489-1c5d-499e-b182-5a0e6d494961}</UniqueIdentifier>
    </Filter>
    <Filter Include="Objects">
      <UniqueIdentifier>{60e0af36-1fe9-49f6-877d-be1861645d4f}</UniqueIdentifier>
    </Filter>
    <Filter Include="Timer">
      <UniqueIdentifier>{dcafaee0-b8f7-4779-b4d4-1dacd8b0736b}</UniqueIdentifier>
    </Filter>
    <Filter Include="Camera">
      <UniqueIdentifier>{c8bccfde-72a4-4093-b484-2e823d10e9b9}</UniqueIdentifier>
    </Filter>
    <Filter Include="colision">
      <UniqueIdentifier>{93fc4dec-168d-4283-8363-50c4bf64bcf5}</UniqueIdentifier>
    </Filter>
  </ItemGroup>
  <ItemGroup>
    <ClCompile Include="main.cpp">
      <Filter>Source Files</Filter>
    </ClCompile>
    <ClCompile Include="CWindown.cpp">
      <Filter>Window</Filter>
    </ClCompile>
    <ClCompile Include="CGameApp.cpp">
      <Filter>GameApp</Filter>
    </ClCompile>
    <ClCompile Include="DxGraphic.cpp">
      <Filter>DirectX</Filter>
    </ClCompile>
    <ClCompile Include="Texture.cpp">
      <Filter>DirectX</Filter>
    </ClCompile>
    <ClCompile Include="Sprite.cpp">
      <Filter>DirectX</Filter>
    </ClCompile>
    <ClCompile Include="Input.cpp">
      <Filter>DirectX</Filter>
    </ClCompile>
    <ClCompile Include="ResourceManager.cpp">
      <Filter>ResourceManager</Filter>
    </ClCompile>
    <ClCompile Include="Object.cpp">
      <Filter>Objects</Filter>
    </ClCompile>
    <ClCompile Include="Timer.cpp">
      <Filter>Timer</Filter>
    </ClCompile>
    <ClCompile Include="Brick.cpp">
      <Filter>Objects</Filter>
    </ClCompile>
    <ClCompile Include="Surface.cpp">
      <Filter>DirectX</Filter>
    </ClCompile>
    <ClCompile Include="colision.cpp">
      <Filter>colision</Filter>
    </ClCompile>
    <ClCompile Include="SweptAABB.cpp">
      <Filter>colision</Filter>
    </ClCompile>
    <ClCompile Include="Background.cpp">
      <Filter>DirectX</Filter>
    </ClCompile>
    <ClCompile Include="Simon.cpp">
      <Filter>Objects</Filter>
    </ClCompile>
    <ClCompile Include="InputManager.cpp">
      <Filter>Source Files</Filter>
    </ClCompile>
    <ClCompile Include="Fleaman.cpp">
      <Filter>Objects</Filter>
    </ClCompile>
    <ClCompile Include="Camera.cpp">
      <Filter>Camera</Filter>
    </ClCompile>
  </ItemGroup>
  <ItemGroup>
    <ClInclude Include="CWindown.h">
      <Filter>Window</Filter>
    </ClInclude>
    <ClInclude Include="CGameApp.h">
      <Filter>GameApp</Filter>
    </ClInclude>
    <ClInclude Include="Texture.h">
      <Filter>DirectX</Filter>
    </ClInclude>
    <ClInclude Include="Sprite.h">
      <Filter>DirectX</Filter>
    </ClInclude>
    <ClInclude Include="Input.h">
      <Filter>DirectX</Filter>
    </ClInclude>
    <ClInclude Include="ResourceManager.h">
      <Filter>ResourceManager</Filter>
    </ClInclude>
    <ClInclude Include="DxGraphics.h">
      <Filter>DirectX</Filter>
    </ClInclude>
    <ClInclude Include="Object.h">
      <Filter>Objects</Filter>
    </ClInclude>
    <ClInclude Include="Timer.h">
      <Filter>Timer</Filter>
    </ClInclude>
    <ClInclude Include="Brick.h">
      <Filter>Objects</Filter>
    </ClInclude>
    <ClInclude Include="Surface.h">
      <Filter>DirectX</Filter>
    </ClInclude>
    <ClInclude Include="colision.h">
      <Filter>colision</Filter>
    </ClInclude>
    <ClInclude Include="SweptAABB.h">
      <Filter>colision</Filter>
    </ClInclude>
    <ClInclude Include="Background.h">
      <Filter>DirectX</Filter>
    </ClInclude>
    <ClInclude Include="Simon.h">
      <Filter>Objects</Filter>
    </ClInclude>
    <ClInclude Include="InputManager.h">
      <Filter>Header Files</Filter>
    </ClInclude>
    <ClInclude Include="Fleaman.h">
      <Filter>Objects</Filter>
    </ClInclude>
    <ClInclude Include="Camera.h">
      <Filter>Camera</Filter>
    </ClInclude>
  </ItemGroup>
</Project>